
Microsoft Visual Studio Solution File, Format Version 12.00
# Visual Studio Version 17
VisualStudioVersion = 17.0.32112.339
MinimumVisualStudioVersion = 10.0.40219.1
Project("{9A19103F-16F7-4668-BE54-9A1E7A4F7556}") = "SolidFEM_BrickElement", "SolidFEM_BrickElement\SolidFEM_BrickElement.csproj", "{5B7E5CE1-C61C-4110-988E-B83C47AB2836}"
EndProject
Global
	GlobalSection(SolutionConfigurationPlatforms) = preSolution
		Debug|Any CPU = Debug|Any CPU
		Release|Any CPU = Release|Any CPU
	EndGlobalSection
	GlobalSection(ProjectConfigurationPlatforms) = postSolution
		{5B7E5CE1-C61C-4110-988E-B83C47AB2836}.Debug|Any CPU.ActiveCfg = Debug|Any CPU
		{5B7E5CE1-C61C-4110-988E-B83C47AB2836}.Debug|Any CPU.Build.0 = Debug|Any CPU
		{5B7E5CE1-C61C-4110-988E-B83C47AB2836}.Release|Any CPU.ActiveCfg = Release|Any CPU
		{5B7E5CE1-C61C-4110-988E-B83C47AB2836}.Release|Any CPU.Build.0 = Release|Any CPU
	EndGlobalSection
	GlobalSection(SolutionProperties) = preSolution
		HideSolutionNode = FALSE
	EndGlobalSection
	GlobalSection(ExtensibilityGlobals) = postSolution
		SolutionGuid = {857C60C1-722E-4338-9792-20AD655C2106}
	EndGlobalSection
EndGlobal
